// !$*UTF8*$!
{
	archiveVersion = 1;
	classes = {
	};
	objectVersion = 77;
	objects = {

/* Begin PBXBuildFile section */
		8E4FA57C2CBD6BAD003E217D /* DGCharts in Frameworks */ = {isa = PBXBuildFile; productRef = 8E4FA57B2CBD6BAD003E217D /* DGCharts */; };
/* End PBXBuildFile section */

/* Begin PBXContainerItemProxy section */
		8E85875C2CA31265003F2F29 /* PBXContainerItemProxy */ = {
			isa = PBXContainerItemProxy;
			containerPortal = 8E85873D2CA31263003F2F29 /* Project object */;
			proxyType = 1;
			remoteGlobalIDString = 8E8587442CA31263003F2F29;
			remoteInfo = swiftFrontEnd;
		};
		8E8587662CA31265003F2F29 /* PBXContainerItemProxy */ = {
			isa = PBXContainerItemProxy;
			containerPortal = 8E85873D2CA31263003F2F29 /* Project object */;
			proxyType = 1;
			remoteGlobalIDString = 8E8587442CA31263003F2F29;
			remoteInfo = swiftFrontEnd;
		};
/* End PBXContainerItemProxy section */

/* Begin PBXCopyFilesBuildPhase section */
		8E8574352CBCC796004880D8 /* Embed Frameworks */ = {
			isa = PBXCopyFilesBuildPhase;
			buildActionMask = 2147483647;
			dstPath = "";
			dstSubfolderSpec = 10;
			files = (
			);
			name = "Embed Frameworks";
			runOnlyForDeploymentPostprocessing = 0;
		};
/* End PBXCopyFilesBuildPhase section */

/* Begin PBXFileReference section */
		8E8587452CA31263003F2F29 /* swiftFrontEnd.app */ = {isa = PBXFileReference; explicitFileType = wrapper.application; includeInIndex = 0; path = swiftFrontEnd.app; sourceTree = BUILT_PRODUCTS_DIR; };
		8E85875B2CA31265003F2F29 /* swiftFrontEndTests.xctest */ = {isa = PBXFileReference; explicitFileType = wrapper.cfbundle; includeInIndex = 0; path = swiftFrontEndTests.xctest; sourceTree = BUILT_PRODUCTS_DIR; };
		8E8587652CA31265003F2F29 /* swiftFrontEndUITests.xctest */ = {isa = PBXFileReference; explicitFileType = wrapper.cfbundle; includeInIndex = 0; path = swiftFrontEndUITests.xctest; sourceTree = BUILT_PRODUCTS_DIR; };
/* End PBXFileReference section */

/* Begin PBXFileSystemSynchronizedBuildFileExceptionSet section */
		8E85876D2CA31265003F2F29 /* Exceptions for "swiftFrontEnd" folder in "swiftFrontEnd" target */ = {
			isa = PBXFileSystemSynchronizedBuildFileExceptionSet;
			membershipExceptions = (
				Info.plist,
			);
			target = 8E8587442CA31263003F2F29 /* swiftFrontEnd */;
		};
/* End PBXFileSystemSynchronizedBuildFileExceptionSet section */

/* Begin PBXFileSystemSynchronizedRootGroup section */
		8E8587472CA31263003F2F29 /* swiftFrontEnd */ = {
			isa = PBXFileSystemSynchronizedRootGroup;
			exceptions = (
				8E85876D2CA31265003F2F29 /* Exceptions for "swiftFrontEnd" folder in "swiftFrontEnd" target */,
			);
			path = swiftFrontEnd;
			sourceTree = "<group>";
		};
		8E85875E2CA31265003F2F29 /* swiftFrontEndTests */ = {
			isa = PBXFileSystemSynchronizedRootGroup;
			path = swiftFrontEndTests;
			sourceTree = "<group>";
		};
		8E8587682CA31265003F2F29 /* swiftFrontEndUITests */ = {
			isa = PBXFileSystemSynchronizedRootGroup;
			path = swiftFrontEndUITests;
			sourceTree = "<group>";
		};
/* End PBXFileSystemSynchronizedRootGroup section */

/* Begin PBXFrameworksBuildPhase section */
		8E8587422CA31263003F2F29 /* Frameworks */ = {
			isa = PBXFrameworksBuildPhase;
			buildActionMask = 2147483647;
			files = (
				8E4FA57C2CBD6BAD003E217D /* DGCharts in Frameworks */,
			);
			runOnlyForDeploymentPostprocessing = 0;
		};
		8E8587582CA31265003F2F29 /* Frameworks */ = {
			isa = PBXFrameworksBuildPhase;
			buildActionMask = 2147483647;
			files = (
			);
			runOnlyForDeploymentPostprocessing = 0;
		};
		8E8587622CA31265003F2F29 /* Frameworks */ = {
			isa = PBXFrameworksBuildPhase;
			buildActionMask = 2147483647;
			files = (
			);
			runOnlyForDeploymentPostprocessing = 0;
		};
/* End PBXFrameworksBuildPhase section */

/* Begin PBXGroup section */
		8E85742F2CBCC6C1004880D8 /* Frameworks */ = {
			isa = PBXGroup;
			children = (
			);
			name = Frameworks;
			sourceTree = "<group>";
		};
		8E85873C2CA31263003F2F29 = {
			isa = PBXGroup;
			children = (
				8E8587472CA31263003F2F29 /* swiftFrontEnd */,
				8E85875E2CA31265003F2F29 /* swiftFrontEndTests */,
				8E8587682CA31265003F2F29 /* swiftFrontEndUITests */,
				8E85742F2CBCC6C1004880D8 /* Frameworks */,
				8E8587462CA31263003F2F29 /* Products */,
			);
			sourceTree = "<group>";
		};
		8E8587462CA31263003F2F29 /* Products */ = {
			isa = PBXGroup;
			children = (
				8E8587452CA31263003F2F29 /* swiftFrontEnd.app */,
				8E85875B2CA31265003F2F29 /* swiftFrontEndTests.xctest */,
				8E8587652CA31265003F2F29 /* swiftFrontEndUITests.xctest */,
			);
			name = Products;
			sourceTree = "<group>";
		};
/* End PBXGroup section */

/* Begin PBXNativeTarget section */
		8E8587442CA31263003F2F29 /* swiftFrontEnd */ = {
			isa = PBXNativeTarget;
			buildConfigurationList = 8E85876E2CA31265003F2F29 /* Build configuration list for PBXNativeTarget "swiftFrontEnd" */;
			buildPhases = (
				8E8587412CA31263003F2F29 /* Sources */,
				8E8587422CA31263003F2F29 /* Frameworks */,
				8E8587432CA31263003F2F29 /* Resources */,
				8E8574352CBCC796004880D8 /* Embed Frameworks */,
			);
			buildRules = (
			);
			dependencies = (
			);
			fileSystemSynchronizedGroups = (
				8E8587472CA31263003F2F29 /* swiftFrontEnd */,
			);
			name = swiftFrontEnd;
			packageProductDependencies = (
				8E4FA57B2CBD6BAD003E217D /* DGCharts */,
			);
			productName = swiftFrontEnd;
			productReference = 8E8587452CA31263003F2F29 /* swiftFrontEnd.app */;
			productType = "com.apple.product-type.application";
		};
		8E85875A2CA31265003F2F29 /* swiftFrontEndTests */ = {
			isa = PBXNativeTarget;
			buildConfigurationList = 8E8587732CA31265003F2F29 /* Build configuration list for PBXNativeTarget "swiftFrontEndTests" */;
			buildPhases = (
				8E8587572CA31265003F2F29 /* Sources */,
				8E8587582CA31265003F2F29 /* Frameworks */,
				8E8587592CA31265003F2F29 /* Resources */,
			);
			buildRules = (
			);
			dependencies = (
				8E85875D2CA31265003F2F29 /* PBXTargetDependency */,
			);
			fileSystemSynchronizedGroups = (
				8E85875E2CA31265003F2F29 /* swiftFrontEndTests */,
			);
			name = swiftFrontEndTests;
			packageProductDependencies = (
			);
			productName = swiftFrontEndTests;
			productReference = 8E85875B2CA31265003F2F29 /* swiftFrontEndTests.xctest */;
			productType = "com.apple.product-type.bundle.unit-test";
		};
		8E8587642CA31265003F2F29 /* swiftFrontEndUITests */ = {
			isa = PBXNativeTarget;
			buildConfigurationList = 8E8587762CA31265003F2F29 /* Build configuration list for PBXNativeTarget "swiftFrontEndUITests" */;
			buildPhases = (
				8E8587612CA31265003F2F29 /* Sources */,
				8E8587622CA31265003F2F29 /* Frameworks */,
				8E8587632CA31265003F2F29 /* Resources */,
			);
			buildRules = (
			);
			dependencies = (
				8E8587672CA31265003F2F29 /* PBXTargetDependency */,
			);
			fileSystemSynchronizedGroups = (
				8E8587682CA31265003F2F29 /* swiftFrontEndUITests */,
			);
			name = swiftFrontEndUITests;
			packageProductDependencies = (
			);
			productName = swiftFrontEndUITests;
			productReference = 8E8587652CA31265003F2F29 /* swiftFrontEndUITests.xctest */;
			productType = "com.apple.product-type.bundle.ui-testing";
		};
/* End PBXNativeTarget section */

/* Begin PBXProject section */
		8E85873D2CA31263003F2F29 /* Project object */ = {
			isa = PBXProject;
			attributes = {
				BuildIndependentTargetsInParallel = 1;
				LastSwiftUpdateCheck = 1600;
				LastUpgradeCheck = 1600;
				TargetAttributes = {
					8E8587442CA31263003F2F29 = {
						CreatedOnToolsVersion = 16.0;
					};
					8E85875A2CA31265003F2F29 = {
						CreatedOnToolsVersion = 16.0;
						TestTargetID = 8E8587442CA31263003F2F29;
					};
					8E8587642CA31265003F2F29 = {
						CreatedOnToolsVersion = 16.0;
						TestTargetID = 8E8587442CA31263003F2F29;
					};
				};
			};
			buildConfigurationList = 8E8587402CA31263003F2F29 /* Build configuration list for PBXProject "swiftFrontEnd" */;
			developmentRegion = en;
			hasScannedForEncodings = 0;
			knownRegions = (
				en,
				Base,
			);
			mainGroup = 8E85873C2CA31263003F2F29;
			minimizedProjectReferenceProxies = 1;
			packageReferences = (
				8E4FA57A2CBD6BAD003E217D /* XCRemoteSwiftPackageReference "Charts" */,
			);
			preferredProjectObjectVersion = 77;
			productRefGroup = 8E8587462CA31263003F2F29 /* Products */;
			projectDirPath = "";
			projectRoot = "";
			targets = (
				8E8587442CA31263003F2F29 /* swiftFrontEnd */,
				8E85875A2CA31265003F2F29 /* swiftFrontEndTests */,
				8E8587642CA31265003F2F29 /* swiftFrontEndUITests */,
			);
		};
/* End PBXProject section */

/* Begin PBXResourcesBuildPhase section */
		8E8587432CA31263003F2F29 /* Resources */ = {
			isa = PBXResourcesBuildPhase;
			buildActionMask = 2147483647;
			files = (
			);
			runOnlyForDeploymentPostprocessing = 0;
		};
		8E8587592CA31265003F2F29 /* Resources */ = {
			isa = PBXResourcesBuildPhase;
			buildActionMask = 2147483647;
			files = (
			);
			runOnlyForDeploymentPostprocessing = 0;
		};
		8E8587632CA31265003F2F29 /* Resources */ = {
			isa = PBXResourcesBuildPhase;
			buildActionMask = 2147483647;
			files = (
			);
			runOnlyForDeploymentPostprocessing = 0;
		};
/* End PBXResourcesBuildPhase section */

/* Begin PBXSourcesBuildPhase section */
		8E8587412CA31263003F2F29 /* Sources */ = {
			isa = PBXSourcesBuildPhase;
			buildActionMask = 2147483647;
			files = (
			);
			runOnlyForDeploymentPostprocessing = 0;
		};
		8E8587572CA31265003F2F29 /* Sources */ = {
			isa = PBXSourcesBuildPhase;
			buildActionMask = 2147483647;
			files = (
			);
			runOnlyForDeploymentPostprocessing = 0;
		};
		8E8587612CA31265003F2F29 /* Sources */ = {
			isa = PBXSourcesBuildPhase;
			buildActionMask = 2147483647;
			files = (
			);
			runOnlyForDeploymentPostprocessing = 0;
		};
/* End PBXSourcesBuildPhase section */

/* Begin PBXTargetDependency section */
		8E85875D2CA31265003F2F29 /* PBXTargetDependency */ = {
			isa = PBXTargetDependency;
			target = 8E8587442CA31263003F2F29 /* swiftFrontEnd */;
			targetProxy = 8E85875C2CA31265003F2F29 /* PBXContainerItemProxy */;
		};
		8E8587672CA31265003F2F29 /* PBXTargetDependency */ = {
			isa = PBXTargetDependency;
			target = 8E8587442CA31263003F2F29 /* swiftFrontEnd */;
			targetProxy = 8E8587662CA31265003F2F29 /* PBXContainerItemProxy */;
		};
/* End PBXTargetDependency section */

/* Begin XCBuildConfiguration section */
		8E85876F2CA31265003F2F29 /* Debug */ = {
			isa = XCBuildConfiguration;
			buildSettings = {
				ASSETCATALOG_COMPILER_APPICON_NAME = AppIcon;
				ASSETCATALOG_COMPILER_GLOBAL_ACCENT_COLOR_NAME = AccentColor;
				CODE_SIGN_STYLE = Automatic;
				CURRENT_PROJECT_VERSION = 1;
				DEVELOPMENT_TEAM = 3J9ES6D4G3;
				GENERATE_INFOPLIST_FILE = YES;
				INFOPLIST_FILE = swiftFrontEnd/Info.plist;
				INFOPLIST_KEY_UIApplicationSupportsIndirectInputEvents = YES;
				INFOPLIST_KEY_UILaunchStoryboardName = LaunchScreen;
				INFOPLIST_KEY_UIMainStoryboardFile = Main;
				INFOPLIST_KEY_UISupportedInterfaceOrientations_iPad = "UIInterfaceOrientationPortrait UIInterfaceOrientationPortraitUpsideDown UIInterfaceOrientationLandscapeLeft UIInterfaceOrientationLandscapeRight";
				INFOPLIST_KEY_UISupportedInterfaceOrientations_iPhone = "UIInterfaceOrientationPortrait UIInterfaceOrientationLandscapeLeft UIInterfaceOrientationLandscapeRight";
				LD_RUNPATH_SEARCH_PATHS = (
					"$(inherited)",
					"@executable_path/Frameworks",
				);
				MARKETING_VERSION = 1.0;
				PRODUCT_BUNDLE_IDENTIFIER = MohammedAli.swiftFrontEnd;
				PRODUCT_NAME = "$(TARGET_NAME)";
				SWIFT_EMIT_LOC_STRINGS = YES;
				SWIFT_VERSION = 5.0;
				TARGETED_DEVICE_FAMILY = "1,2";
			};
			name = Debug;
		};
		8E8587702CA31265003F2F29 /* Release */ = {
			isa = XCBuildConfiguration;
			buildSettings = {
				ASSETCATALOG_COMPILER_APPICON_NAME = AppIcon;
				ASSETCATALOG_COMPILER_GLOBAL_ACCENT_COLOR_NAME = AccentColor;
				CODE_SIGN_STYLE = Automatic;
				CURRENT_PROJECT_VERSION = 1;
				DEVELOPMENT_TEAM = 3J9ES6D4G3;
				"FRAMEWORK_SEARCH_PATHS[arch=*]" = "";
				GENERATE_INFOPLIST_FILE = YES;
				INFOPLIST_FILE = swiftFrontEnd/Info.plist;
				INFOPLIST_KEY_UIApplicationSupportsIndirectInputEvents = YES;
				INFOPLIST_KEY_UILaunchStoryboardName = LaunchScreen;
				INFOPLIST_KEY_UIMainStoryboardFile = Main;
				INFOPLIST_KEY_UISupportedInterfaceOrientations_iPad = "UIInterfaceOrientationPortrait UIInterfaceOrientationPortraitUpsideDown UIInterfaceOrientationLandscapeLeft UIInterfaceOrientationLandscapeRight";
				INFOPLIST_KEY_UISupportedInterfaceOrientations_iPhone = "UIInterfaceOrientationPortrait UIInterfaceOrientationLandscapeLeft UIInterfaceOrientationLandscapeRight";
				LD_RUNPATH_SEARCH_PATHS = (
					"$(inherited)",
					"@executable_path/Frameworks",
				);
				MARKETING_VERSION = 1.0;
				PRODUCT_BUNDLE_IDENTIFIER = MohammedAli.swiftFrontEnd;
				PRODUCT_NAME = "$(TARGET_NAME)";
				SWIFT_EMIT_LOC_STRINGS = YES;
				SWIFT_VERSION = 5.0;
				TARGETED_DEVICE_FAMILY = "1,2";
			};
			name = Release;
		};
		8E8587712CA31265003F2F29 /* Debug */ = {
			isa = XCBuildConfiguration;
			buildSettings = {
				ALWAYS_SEARCH_USER_PATHS = NO;
				ASSETCATALOG_COMPILER_GENERATE_SWIFT_ASSET_SYMBOL_EXTENSIONS = YES;
				CLANG_ANALYZER_NONNULL = YES;
				CLANG_ANALYZER_NUMBER_OBJECT_CONVERSION = YES_AGGRESSIVE;
				CLANG_CXX_LANGUAGE_STANDARD = "gnu++20";
				CLANG_ENABLE_MODULES = YES;
				CLANG_ENABLE_OBJC_ARC = YES;
				CLANG_ENABLE_OBJC_WEAK = YES;
				CLANG_WARN_BLOCK_CAPTURE_AUTORELEASING = YES;
				CLANG_WARN_BOOL_CONVERSION = YES;
				CLANG_WARN_COMMA = YES;
				CLANG_WARN_CONSTANT_CONVERSION = YES;
				CLANG_WARN_DEPRECATED_OBJC_IMPLEMENTATIONS = YES;
				CLANG_WARN_DIRECT_OBJC_ISA_USAGE = YES_ERROR;
				CLANG_WARN_DOCUMENTATION_COMMENTS = YES;
				CLANG_WARN_EMPTY_BODY = YES;
				CLANG_WARN_ENUM_CONVERSION = YES;
				CLANG_WARN_INFINITE_RECURSION = YES;
				CLANG_WARN_INT_CONVERSION = YES;
				CLANG_WARN_NON_LITERAL_NULL_CONVERSION = YES;
				CLANG_WARN_OBJC_IMPLICIT_RETAIN_SELF = YES;
				CLANG_WARN_OBJC_LITERAL_CONVERSION = YES;
				CLANG_WARN_OBJC_ROOT_CLASS = YES_ERROR;
				CLANG_WARN_QUOTED_INCLUDE_IN_FRAMEWORK_HEADER = YES;
				CLANG_WARN_RANGE_LOOP_ANALYSIS = YES;
				CLANG_WARN_STRICT_PROTOTYPES = YES;
				CLANG_WARN_SUSPICIOUS_MOVE = YES;
				CLANG_WARN_UNGUARDED_AVAILABILITY = YES_AGGRESSIVE;
				CLANG_WARN_UNREACHABLE_CODE = YES;
				CLANG_WARN__DUPLICATE_METHOD_MATCH = YES;
				COPY_PHASE_STRIP = NO;
				DEBUG_INFORMATION_FORMAT = dwarf;
				ENABLE_STRICT_OBJC_MSGSEND = YES;
				ENABLE_TESTABILITY = YES;
				ENABLE_USER_SCRIPT_SANDBOXING = YES;
				GCC_C_LANGUAGE_STANDARD = gnu17;
				GCC_DYNAMIC_NO_PIC = NO;
				GCC_NO_COMMON_BLOCKS = YES;
				GCC_OPTIMIZATION_LEVEL = 0;
				GCC_PREPROCESSOR_DEFINITIONS = (
					"DEBUG=1",
					"$(inherited)",
				);
				GCC_WARN_64_TO_32_BIT_CONVERSION = YES;
				GCC_WARN_ABOUT_RETURN_TYPE = YES_ERROR;
				GCC_WARN_UNDECLARED_SELECTOR = YES;
				GCC_WARN_UNINITIALIZED_AUTOS = YES_AGGRESSIVE;
				GCC_WARN_UNUSED_FUNCTION = YES;
				GCC_WARN_UNUSED_VARIABLE = YES;
				INFOPLIST_KEY_NSCameraUsageDescription = "This app requires access to the camera to record videos.";
				INFOPLIST_KEY_NSMicrophoneUsageDescription = "This app requires access to the microphone to record audio in videos.";
				IPHONEOS_DEPLOYMENT_TARGET = 18.0;
				LOCALIZATION_PREFERS_STRING_CATALOGS = YES;
				MTL_ENABLE_DEBUG_INFO = INCLUDE_SOURCE;
				MTL_FAST_MATH = YES;
				ONLY_ACTIVE_ARCH = YES;
				SDKROOT = iphoneos;
				SWIFT_ACTIVE_COMPILATION_CONDITIONS = "DEBUG $(inherited)";
				SWIFT_OPTIMIZATION_LEVEL = "-Onone";
			};
			name = Debug;
		};
		8E8587722CA31265003F2F29 /* Release */ = {
			isa = XCBuildConfiguration;
			buildSettings = {
				ALWAYS_SEARCH_USER_PATHS = NO;
				ASSETCATALOG_COMPILER_GENERATE_SWIFT_ASSET_SYMBOL_EXTENSIONS = YES;
				CLANG_ANALYZER_NONNULL = YES;
				CLANG_ANALYZER_NUMBER_OBJECT_CONVERSION = YES_AGGRESSIVE;
				CLANG_CXX_LANGUAGE_STANDARD = "gnu++20";
				CLANG_ENABLE_MODULES = YES;
				CLANG_ENABLE_OBJC_ARC = YES;
				CLANG_ENABLE_OBJC_WEAK = YES;
				CLANG_WARN_BLOCK_CAPTURE_AUTORELEASING = YES;
				CLANG_WARN_BOOL_CONVERSION = YES;
				CLANG_WARN_COMMA = YES;
				CLANG_WARN_CONSTANT_CONVERSION = YES;
				CLANG_WARN_DEPRECATED_OBJC_IMPLEMENTATIONS = YES;
				CLANG_WARN_DIRECT_OBJC_ISA_USAGE = YES_ERROR;
				CLANG_WARN_DOCUMENTATION_COMMENTS = YES;
				CLANG_WARN_EMPTY_BODY = YES;
				CLANG_WARN_ENUM_CONVERSION = YES;
				CLANG_WARN_INFINITE_RECURSION = YES;
				CLANG_WARN_INT_CONVERSION = YES;
				CLANG_WARN_NON_LITERAL_NULL_CONVERSION = YES;
				CLANG_WARN_OBJC_IMPLICIT_RETAIN_SELF = YES;
				CLANG_WARN_OBJC_LITERAL_CONVERSION = YES;
				CLANG_WARN_OBJC_ROOT_CLASS = YES_ERROR;
				CLANG_WARN_QUOTED_INCLUDE_IN_FRAMEWORK_HEADER = YES;
				CLANG_WARN_RANGE_LOOP_ANALYSIS = YES;
				CLANG_WARN_STRICT_PROTOTYPES = YES;
				CLANG_WARN_SUSPICIOUS_MOVE = YES;
				CLANG_WARN_UNGUARDED_AVAILABILITY = YES_AGGRESSIVE;
				CLANG_WARN_UNREACHABLE_CODE = YES;
				CLANG_WARN__DUPLICATE_METHOD_MATCH = YES;
				COPY_PHASE_STRIP = NO;
				DEBUG_INFORMATION_FORMAT = "dwarf-with-dsym";
				ENABLE_NS_ASSERTIONS = NO;
				ENABLE_STRICT_OBJC_MSGSEND = YES;
				ENABLE_USER_SCRIPT_SANDBOXING = YES;
				GCC_C_LANGUAGE_STANDARD = gnu17;
				GCC_NO_COMMON_BLOCKS = YES;
				GCC_WARN_64_TO_32_BIT_CONVERSION = YES;
				GCC_WARN_ABOUT_RETURN_TYPE = YES_ERROR;
				GCC_WARN_UNDECLARED_SELECTOR = YES;
				GCC_WARN_UNINITIALIZED_AUTOS = YES_AGGRESSIVE;
				GCC_WARN_UNUSED_FUNCTION = YES;
				GCC_WARN_UNUSED_VARIABLE = YES;
				INFOPLIST_KEY_NSCameraUsageDescription = "This app requires access to the camera to record videos.";
				INFOPLIST_KEY_NSMicrophoneUsageDescription = "This app requires access to the microphone to record audio in videos.";
				IPHONEOS_DEPLOYMENT_TARGET = 18.0;
				LOCALIZATION_PREFERS_STRING_CATALOGS = YES;
				MTL_ENABLE_DEBUG_INFO = NO;
				MTL_FAST_MATH = YES;
				SDKROOT = iphoneos;
				SWIFT_COMPILATION_MODE = wholemodule;
				VALIDATE_PRODUCT = YES;
			};
			name = Release;
		};
		8E8587742CA31265003F2F29 /* Debug */ = {
			isa = XCBuildConfiguration;
			buildSettings = {
				BUNDLE_LOADER = "$(TEST_HOST)";
				CODE_SIGN_STYLE = Automatic;
				CURRENT_PROJECT_VERSION = 1;
				DEVELOPMENT_TEAM = 82F25GW8NZ;
				GENERATE_INFOPLIST_FILE = YES;
				IPHONEOS_DEPLOYMENT_TARGET = 18.0;
				MARKETING_VERSION = 1.0;
				PRODUCT_BUNDLE_IDENTIFIER = MohammedAli.swiftFrontEndTests;
				PRODUCT_NAME = "$(TARGET_NAME)";
				SWIFT_EMIT_LOC_STRINGS = NO;
				SWIFT_VERSION = 5.0;
				TARGETED_DEVICE_FAMILY = "1,2";
				TEST_HOST = "$(BUILT_PRODUCTS_DIR)/swiftFrontEnd.app/$(BUNDLE_EXECUTABLE_FOLDER_PATH)/swiftFrontEnd";
			};
			name = Debug;
		};
		8E8587752CA31265003F2F29 /* Release */ = {
			isa = XCBuildConfiguration;
			buildSettings = {
				BUNDLE_LOADER = "$(TEST_HOST)";
				CODE_SIGN_STYLE = Automatic;
				CURRENT_PROJECT_VERSION = 1;
				DEVELOPMENT_TEAM = 82F25GW8NZ;
				GENERATE_INFOPLIST_FILE = YES;
				IPHONEOS_DEPLOYMENT_TARGET = 18.0;
				MARKETING_VERSION = 1.0;
				PRODUCT_BUNDLE_IDENTIFIER = MohammedAli.swiftFrontEndTests;
				PRODUCT_NAME = "$(TARGET_NAME)";
				SWIFT_EMIT_LOC_STRINGS = NO;
				SWIFT_VERSION = 5.0;
				TARGETED_DEVICE_FAMILY = "1,2";
				TEST_HOST = "$(BUILT_PRODUCTS_DIR)/swiftFrontEnd.app/$(BUNDLE_EXECUTABLE_FOLDER_PATH)/swiftFrontEnd";
			};
			name = Release;
		};
		8E8587772CA31265003F2F29 /* Debug */ = {
			isa = XCBuildConfiguration;
			buildSettings = {
				CODE_SIGN_STYLE = Automatic;
				CURRENT_PROJECT_VERSION = 1;
				DEVELOPMENT_TEAM = 82F25GW8NZ;
				GENERATE_INFOPLIST_FILE = YES;
				MARKETING_VERSION = 1.0;
				PRODUCT_BUNDLE_IDENTIFIER = MohammedAli.swiftFrontEndUITests;
				PRODUCT_NAME = "$(TARGET_NAME)";
				SWIFT_EMIT_LOC_STRINGS = NO;
				SWIFT_VERSION = 5.0;
				TARGETED_DEVICE_FAMILY = "1,2";
				TEST_TARGET_NAME = swiftFrontEnd;
			};
			name = Debug;
		};
		8E8587782CA31265003F2F29 /* Release */ = {
			isa = XCBuildConfiguration;
			buildSettings = {
				CODE_SIGN_STYLE = Automatic;
				CURRENT_PROJECT_VERSION = 1;
				DEVELOPMENT_TEAM = 82F25GW8NZ;
				GENERATE_INFOPLIST_FILE = YES;
				MARKETING_VERSION = 1.0;
				PRODUCT_BUNDLE_IDENTIFIER = MohammedAli.swiftFrontEndUITests;
				PRODUCT_NAME = "$(TARGET_NAME)";
				SWIFT_EMIT_LOC_STRINGS = NO;
				SWIFT_VERSION = 5.0;
				TARGETED_DEVICE_FAMILY = "1,2";
				TEST_TARGET_NAME = swiftFrontEnd;
			};
			name = Release;
		};
/* End XCBuildConfiguration section */

/* Begin XCConfigurationList section */
		8E8587402CA31263003F2F29 /* Build configuration list for PBXProject "swiftFrontEnd" */ = {
			isa = XCConfigurationList;
			buildConfigurations = (
				8E8587712CA31265003F2F29 /* Debug */,
				8E8587722CA31265003F2F29 /* Release */,
			);
			defaultConfigurationIsVisible = 0;
			defaultConfigurationName = Release;
		};
		8E85876E2CA31265003F2F29 /* Build configuration list for PBXNativeTarget "swiftFrontEnd" */ = {
			isa = XCConfigurationList;
			buildConfigurations = (
				8E85876F2CA31265003F2F29 /* Debug */,
				8E8587702CA31265003F2F29 /* Release */,
			);
			defaultConfigurationIsVisible = 0;
			defaultConfigurationName = Release;
		};
		8E8587732CA31265003F2F29 /* Build configuration list for PBXNativeTarget "swiftFrontEndTests" */ = {
			isa = XCConfigurationList;
			buildConfigurations = (
				8E8587742CA31265003F2F29 /* Debug */,
				8E8587752CA31265003F2F29 /* Release */,
			);
			defaultConfigurationIsVisible = 0;
			defaultConfigurationName = Release;
		};
		8E8587762CA31265003F2F29 /* Build configuration list for PBXNativeTarget "swiftFrontEndUITests" */ = {
			isa = XCConfigurationList;
			buildConfigurations = (
				8E8587772CA31265003F2F29 /* Debug */,
				8E8587782CA31265003F2F29 /* Release */,
			);
			defaultConfigurationIsVisible = 0;
			defaultConfigurationName = Release;
		};
/* End XCConfigurationList section */

/* Begin XCRemoteSwiftPackageReference section */
		8E4FA57A2CBD6BAD003E217D /* XCRemoteSwiftPackageReference "Charts" */ = {
			isa = XCRemoteSwiftPackageReference;
			repositoryURL = "https://github.com/danielgindi/Charts.git";
			requirement = {
				kind = upToNextMajorVersion;
				minimumVersion = 5.1.0;
			};
		};
/* End XCRemoteSwiftPackageReference section */

/* Begin XCSwiftPackageProductDependency section */
		8E4FA57B2CBD6BAD003E217D /* DGCharts */ = {
			isa = XCSwiftPackageProductDependency;
			package = 8E4FA57A2CBD6BAD003E217D /* XCRemoteSwiftPackageReference "Charts" */;
			productName = DGCharts;
		};
/* End XCSwiftPackageProductDependency section */
	};
	rootObject = 8E85873D2CA31263003F2F29 /* Project object */;
}
